
Microsoft Visual Studio Solution File, Format Version 12.00
# Visual Studio Version 17
VisualStudioVersion = 17.0.31903.59
MinimumVisualStudioVersion = 10.0.40219.1
Project("{9A19103F-16F7-4668-BE54-9A1E7A4F7556}") = "ExerciseN1", "ExerciseN1.csproj", "{07C56B3A-1470-430D-A124-5791372BE44A}"
EndProject
Global
	GlobalSection(SolutionConfigurationPlatforms) = preSolution
		Debug|Any CPU = Debug|Any CPU
		Release|Any CPU = Release|Any CPU
	EndGlobalSection
	GlobalSection(ProjectConfigurationPlatforms) = postSolution
		{07C56B3A-1470-430D-A124-5791372BE44A}.Debug|Any CPU.ActiveCfg = Debug|Any CPU
		{07C56B3A-1470-430D-A124-5791372BE44A}.Debug|Any CPU.Build.0 = Debug|Any CPU
		{07C56B3A-1470-430D-A124-5791372BE44A}.Release|Any CPU.ActiveCfg = Release|Any CPU
		{07C56B3A-1470-430D-A124-5791372BE44A}.Release|Any CPU.Build.0 = Release|Any CPU
	EndGlobalSection
	GlobalSection(SolutionProperties) = preSolution
		HideSolutionNode = FALSE
	EndGlobalSection
	GlobalSection(ExtensibilityGlobals) = postSolution
		SolutionGuid = {B53EA9D9-3C0F-4C86-8C66-337F94D55534}
	EndGlobalSection
EndGlobal
